
Microsoft Visual Studio Solution File, Format Version 12.00
# Visual Studio Version 17
VisualStudioVersion = 17.13.35913.81
MinimumVisualStudioVersion = 10.0.40219.1
Project("{FAE04EC0-301F-11D3-BF4B-00C04F79EFBC}") = "InventoryManagementSystem.Domain", "InventoryManagementSystem.Domain\InventoryManagementSystem.Domain.csproj", "{1B85CE0D-32A4-44ED-9D5C-5C8221F3866C}"
EndProject
Project("{FAE04EC0-301F-11D3-BF4B-00C04F79EFBC}") = "InventoryManagementSystem.Application", "InventoryManagementSystem.Application\InventoryManagementSystem.Application.csproj", "{E78AD3BE-ABEE-4DC4-AEA5-2F92A2B07452}"
EndProject
Project("{FAE04EC0-301F-11D3-BF4B-00C04F79EFBC}") = "InventoryManagementSystem.Infrastructure", "InventoryManagementSystem.Infrastructure\InventoryManagementSystem.Infrastructure.csproj", "{C59F4209-FADE-460A-8816-961FC501BC93}"
EndProject
Project("{FAE04EC0-301F-11D3-BF4B-00C04F79EFBC}") = "InventoryManagementSystem.API", "InventoryManagementSystem.API\InventoryManagementSystem.API.csproj", "{E6E46EA9-A7B2-4939-9A1D-5724A817254F}"
EndProject
Project("{FAE04EC0-301F-11D3-BF4B-00C04F79EFBC}") = "InventoryManagementSystem.Test", "InventoryManagementSystem.Test\InventoryManagementSystem.Test.csproj", "{D4CC517D-5EE6-448F-86D3-1217A703318E}"
EndProject
Global
	GlobalSection(SolutionConfigurationPlatforms) = preSolution
		Debug|Any CPU = Debug|Any CPU
		Release|Any CPU = Release|Any CPU
	EndGlobalSection
	GlobalSection(ProjectConfigurationPlatforms) = postSolution
		{1B85CE0D-32A4-44ED-9D5C-5C8221F3866C}.Debug|Any CPU.ActiveCfg = Debug|Any CPU
		{1B85CE0D-32A4-44ED-9D5C-5C8221F3866C}.Debug|Any CPU.Build.0 = Debug|Any CPU
		{1B85CE0D-32A4-44ED-9D5C-5C8221F3866C}.Release|Any CPU.ActiveCfg = Release|Any CPU
		{1B85CE0D-32A4-44ED-9D5C-5C8221F3866C}.Release|Any CPU.Build.0 = Release|Any CPU
		{E78AD3BE-ABEE-4DC4-AEA5-2F92A2B07452}.Debug|Any CPU.ActiveCfg = Debug|Any CPU
		{E78AD3BE-ABEE-4DC4-AEA5-2F92A2B07452}.Debug|Any CPU.Build.0 = Debug|Any CPU
		{E78AD3BE-ABEE-4DC4-AEA5-2F92A2B07452}.Release|Any CPU.ActiveCfg = Release|Any CPU
		{E78AD3BE-ABEE-4DC4-AEA5-2F92A2B07452}.Release|Any CPU.Build.0 = Release|Any CPU
		{C59F4209-FADE-460A-8816-961FC501BC93}.Debug|Any CPU.ActiveCfg = Debug|Any CPU
		{C59F4209-FADE-460A-8816-961FC501BC93}.Debug|Any CPU.Build.0 = Debug|Any CPU
		{C59F4209-FADE-460A-8816-961FC501BC93}.Release|Any CPU.ActiveCfg = Release|Any CPU
		{C59F4209-FADE-460A-8816-961FC501BC93}.Release|Any CPU.Build.0 = Release|Any CPU
		{E6E46EA9-A7B2-4939-9A1D-5724A817254F}.Debug|Any CPU.ActiveCfg = Debug|Any CPU
		{E6E46EA9-A7B2-4939-9A1D-5724A817254F}.Debug|Any CPU.Build.0 = Debug|Any CPU
		{E6E46EA9-A7B2-4939-9A1D-5724A817254F}.Release|Any CPU.ActiveCfg = Release|Any CPU
		{E6E46EA9-A7B2-4939-9A1D-5724A817254F}.Release|Any CPU.Build.0 = Release|Any CPU
		{D4CC517D-5EE6-448F-86D3-1217A703318E}.Debug|Any CPU.ActiveCfg = Debug|Any CPU
		{D4CC517D-5EE6-448F-86D3-1217A703318E}.Debug|Any CPU.Build.0 = Debug|Any CPU
		{D4CC517D-5EE6-448F-86D3-1217A703318E}.Release|Any CPU.ActiveCfg = Release|Any CPU
		{D4CC517D-5EE6-448F-86D3-1217A703318E}.Release|Any CPU.Build.0 = Release|Any CPU
	EndGlobalSection
	GlobalSection(SolutionProperties) = preSolution
		HideSolutionNode = FALSE
	EndGlobalSection
	GlobalSection(ExtensibilityGlobals) = postSolution
		SolutionGuid = {DE4030F9-A354-4F2C-AB2C-33ABF220128F}
	EndGlobalSection
EndGlobal
